
Microsoft Visual Studio Solution File, Format Version 12.00
# Visual Studio Version 17
VisualStudioVersion = 17.7.34009.444
MinimumVisualStudioVersion = 10.0.40219.1
Project("{FAE04EC0-301F-11D3-BF4B-00C04F79EFBC}") = "CRUD_2", "CRUD_2\CRUD_2.csproj", "{9E4F5A28-5CDA-47D2-9500-C176C94E2353}"
EndProject
Global
	GlobalSection(SolutionConfigurationPlatforms) = preSolution
		Debug|Any CPU = Debug|Any CPU
		Release|Any CPU = Release|Any CPU
	EndGlobalSection
	GlobalSection(ProjectConfigurationPlatforms) = postSolution
		{9E4F5A28-5CDA-47D2-9500-C176C94E2353}.Debug|Any CPU.ActiveCfg = Debug|Any CPU
		{9E4F5A28-5CDA-47D2-9500-C176C94E2353}.Debug|Any CPU.Build.0 = Debug|Any CPU
		{9E4F5A28-5CDA-47D2-9500-C176C94E2353}.Release|Any CPU.ActiveCfg = Release|Any CPU
		{9E4F5A28-5CDA-47D2-9500-C176C94E2353}.Release|Any CPU.Build.0 = Release|Any CPU
	EndGlobalSection
	GlobalSection(SolutionProperties) = preSolution
		HideSolutionNode = FALSE
	EndGlobalSection
	GlobalSection(ExtensibilityGlobals) = postSolution
		SolutionGuid = {4FC19402-CCA2-4A2D-8000-99FE3053E2B6}
	EndGlobalSection
EndGlobal
